{
  "name": "@flavioneto11/ai-core",
  "version": "0.1.0",
  "lockfileVersion": 3,
  "requires": true,
  "packages": {
    "": {
      "name": "@flavioneto11/ai-core",
      "version": "0.1.0",
      "license": "UNLICENSED",
      "devDependencies": {
        "@flavioneto11/ai-kit": "file:../ai-kit"
      },
      "peerDependencies": {
        "@flavioneto11/ai-kit": ">=0.1",
        "langfuse": ">=3",
        "openai": ">=4",
        "prom-client": ">=15"
      },
      "peerDependenciesMeta": {
        "langfuse": {
          "optional": true
        },
        "openai": {
          "optional": true
        },
        "prom-client": {
          "optional": true
        }
      }
    },
    "../ai-kit": {
      "name": "@flavioneto11/ai-kit",
      "version": "0.1.0",
      "dev": true,
      "license": "UNLICENSED",
      "peerDependencies": {
        "@langchain/openai": ">=0.3",
        "openai": ">=4"
      },
      "peerDependenciesMeta": {
        "@langchain/openai": {
          "optional": true
        },
        "openai": {
          "optional": true
        }
      }
    },
    "node_modules/@flavioneto11/ai-kit": {
      "resolved": "../ai-kit",
      "link": true
    }
  }
}
